
Microsoft Visual Studio Solution File, Format Version 12.00
# Visual Studio Version 17
VisualStudioVersion = 17.14.36301.6 d17.14
MinimumVisualStudioVersion = 10.0.40219.1
Project("{FAE04EC0-301F-11D3-BF4B-00C04F79EFBC}") = "MstGrades", "MstGrades.csproj", "{FF51762D-E2E1-44D8-BF5E-9ED3FBB227BC}"
EndProject
Global
	GlobalSection(SolutionConfigurationPlatforms) = preSolution
		Debug|Any CPU = Debug|Any CPU
		Release|Any CPU = Release|Any CPU
	EndGlobalSection
	GlobalSection(ProjectConfigurationPlatforms) = postSolution
		{FF51762D-E2E1-44D8-BF5E-9ED3FBB227BC}.Debug|Any CPU.ActiveCfg = Debug|Any CPU
		{FF51762D-E2E1-44D8-BF5E-9ED3FBB227BC}.Debug|Any CPU.Build.0 = Debug|Any CPU
		{FF51762D-E2E1-44D8-BF5E-9ED3FBB227BC}.Release|Any CPU.ActiveCfg = Release|Any CPU
		{FF51762D-E2E1-44D8-BF5E-9ED3FBB227BC}.Release|Any CPU.Build.0 = Release|Any CPU
	EndGlobalSection
	GlobalSection(SolutionProperties) = preSolution
		HideSolutionNode = FALSE
	EndGlobalSection
	GlobalSection(ExtensibilityGlobals) = postSolution
		SolutionGuid = {C14F7D26-87E5-44C1-B350-243CE629323A}
	EndGlobalSection
EndGlobal
